
Microsoft Visual Studio Solution File, Format Version 12.00
# Visual Studio Version 17
VisualStudioVersion = 17.13.35828.75 d17.13
MinimumVisualStudioVersion = 10.0.40219.1
Project("{FAE04EC0-301F-11D3-BF4B-00C04F79EFBC}") = "DSchiefer-Lab-5-WebAPI", "DSchiefer-Lab-5-WebAPI.csproj", "{3F4EF96B-B927-4DE2-90BF-70C3B62A5FD4}"
EndProject
Global
	GlobalSection(SolutionConfigurationPlatforms) = preSolution
		Debug|Any CPU = Debug|Any CPU
		Release|Any CPU = Release|Any CPU
	EndGlobalSection
	GlobalSection(ProjectConfigurationPlatforms) = postSolution
		{3F4EF96B-B927-4DE2-90BF-70C3B62A5FD4}.Debug|Any CPU.ActiveCfg = Debug|Any CPU
		{3F4EF96B-B927-4DE2-90BF-70C3B62A5FD4}.Debug|Any CPU.Build.0 = Debug|Any CPU
		{3F4EF96B-B927-4DE2-90BF-70C3B62A5FD4}.Release|Any CPU.ActiveCfg = Release|Any CPU
		{3F4EF96B-B927-4DE2-90BF-70C3B62A5FD4}.Release|Any CPU.Build.0 = Release|Any CPU
	EndGlobalSection
	GlobalSection(SolutionProperties) = preSolution
		HideSolutionNode = FALSE
	EndGlobalSection
	GlobalSection(ExtensibilityGlobals) = postSolution
		SolutionGuid = {4453ACB2-0E67-4C4F-825D-0AC7425F6A67}
	EndGlobalSection
EndGlobal
